
Microsoft Visual Studio Solution File, Format Version 12.00
# Visual Studio Version 17
VisualStudioVersion = 17.14.36908.2 d17.14
MinimumVisualStudioVersion = 10.0.40219.1
Project("{FAE04EC0-301F-11D3-BF4B-00C04F79EFBC}") = "YearsInPixels.WebAPI", "YearsInPixels.WebAPI\YearsInPixels.WebAPI.csproj", "{919753ED-7E35-43E2-A96A-CE66FD69F2B4}"
	ProjectSection(ProjectDependencies) = postProject
		{2D7189A9-C938-4493-990C-4DFFCBA54F51} = {2D7189A9-C938-4493-990C-4DFFCBA54F51}
		{92D636CE-E840-4BC9-A0F1-B4FB5FFB3CC2} = {92D636CE-E840-4BC9-A0F1-B4FB5FFB3CC2}
		{A60FB548-1FF0-418C-A7C3-3DEE9D73C3CE} = {A60FB548-1FF0-418C-A7C3-3DEE9D73C3CE}
	EndProjectSection
EndProject
Project("{FAE04EC0-301F-11D3-BF4B-00C04F79EFBC}") = "YearsInPixels.Domain", "YearsInPixels.Domain\YearsInPixels.Domain.csproj", "{A60FB548-1FF0-418C-A7C3-3DEE9D73C3CE}"
EndProject
Project("{FAE04EC0-301F-11D3-BF4B-00C04F79EFBC}") = "YearsInPixels.Application", "YearsInPixels.Application\YearsInPixels.Application.csproj", "{2D7189A9-C938-4493-990C-4DFFCBA54F51}"
EndProject
Project("{FAE04EC0-301F-11D3-BF4B-00C04F79EFBC}") = "YearsInPixels.Infrastructure", "YearsInPixels.Infrastructure\YearsInPixels.Infrastructure.csproj", "{92D636CE-E840-4BC9-A0F1-B4FB5FFB3CC2}"
EndProject
Global
	GlobalSection(SolutionConfigurationPlatforms) = preSolution
		Debug|Any CPU = Debug|Any CPU
		Release|Any CPU = Release|Any CPU
	EndGlobalSection
	GlobalSection(ProjectConfigurationPlatforms) = postSolution
		{919753ED-7E35-43E2-A96A-CE66FD69F2B4}.Debug|Any CPU.ActiveCfg = Debug|Any CPU
		{919753ED-7E35-43E2-A96A-CE66FD69F2B4}.Debug|Any CPU.Build.0 = Debug|Any CPU
		{919753ED-7E35-43E2-A96A-CE66FD69F2B4}.Release|Any CPU.ActiveCfg = Release|Any CPU
		{919753ED-7E35-43E2-A96A-CE66FD69F2B4}.Release|Any CPU.Build.0 = Release|Any CPU
		{A60FB548-1FF0-418C-A7C3-3DEE9D73C3CE}.Debug|Any CPU.ActiveCfg = Debug|Any CPU
		{A60FB548-1FF0-418C-A7C3-3DEE9D73C3CE}.Debug|Any CPU.Build.0 = Debug|Any CPU
		{A60FB548-1FF0-418C-A7C3-3DEE9D73C3CE}.Release|Any CPU.ActiveCfg = Release|Any CPU
		{A60FB548-1FF0-418C-A7C3-3DEE9D73C3CE}.Release|Any CPU.Build.0 = Release|Any CPU
		{2D7189A9-C938-4493-990C-4DFFCBA54F51}.Debug|Any CPU.ActiveCfg = Debug|Any CPU
		{2D7189A9-C938-4493-990C-4DFFCBA54F51}.Debug|Any CPU.Build.0 = Debug|Any CPU
		{2D7189A9-C938-4493-990C-4DFFCBA54F51}.Release|Any CPU.ActiveCfg = Release|Any CPU
		{2D7189A9-C938-4493-990C-4DFFCBA54F51}.Release|Any CPU.Build.0 = Release|Any CPU
		{92D636CE-E840-4BC9-A0F1-B4FB5FFB3CC2}.Debug|Any CPU.ActiveCfg = Debug|Any CPU
		{92D636CE-E840-4BC9-A0F1-B4FB5FFB3CC2}.Debug|Any CPU.Build.0 = Debug|Any CPU
		{92D636CE-E840-4BC9-A0F1-B4FB5FFB3CC2}.Release|Any CPU.ActiveCfg = Release|Any CPU
		{92D636CE-E840-4BC9-A0F1-B4FB5FFB3CC2}.Release|Any CPU.Build.0 = Release|Any CPU
	EndGlobalSection
	GlobalSection(SolutionProperties) = preSolution
		HideSolutionNode = FALSE
	EndGlobalSection
	GlobalSection(ExtensibilityGlobals) = postSolution
		SolutionGuid = {4DFD136F-3266-41FF-A57C-21A207EFC4E0}
	EndGlobalSection
EndGlobal
